<?xml version="1.0" encoding="utf-8"?>
<Project ToolsVersion="4.0" xmlns="http://schemas.microsoft.com/developer/msbuild/2003">
  <ItemGroup>
    <Filter Include="Source Files">
      <UniqueIdentifier>{4FC737F1-C7A5-4376-A066-2A32D752A2FF}</UniqueIdentifier>
      <Extensions>cpp;c;cc;cxx;c++;cppm;ixx;def;odl;idl;hpj;bat;asm;asmx</Extensions>
    </Filter>
    <Filter Include="Header Files">
      <UniqueIdentifier>{93995380-89BD-4b04-88EB-625FBE52EBFB}</UniqueIdentifier>
      <Extensions>h;hh;hpp;hxx;h++;hm;inl;inc;ipp;xsd</Extensions>
    </Filter>
    <Filter Include="Resource Files">
      <UniqueIdentifier>{67DA6AB6-F800-4c08-8B7A-83BB121AAD01}</UniqueIdentifier>
      <Extensions>rc;ico;cur;bmp;dlg;rc2;rct;bin;rgs;gif;jpg;jpeg;jpe;resx;tiff;tif;png;wav;mfcribbon-ms</Extensions>
    </Filter>
    <Filter Include="Resource Files\gfx">
      <UniqueIdentifier>{08bebab7-ab42-4e66-897c-9c930f6df8dd}</UniqueIdentifier>
    </Filter>
    <Filter Include="Resource Files\sound">
      <UniqueIdentifier>{7b8ccd8e-2215-4fe2-834e-5d7c061b3e62}</UniqueIdentifier>
    </Filter>
    <Filter Include="Resource Files\music">
      <UniqueIdentifier>{793b8beb-7b48-4159-9833-e9aeb4284028}</UniqueIdentifier>
    </Filter>
    <Filter Include="Resource Files\font">
      <UniqueIdentifier>{287d9385-f708-44a5-9545-77c402c9bcf3}</UniqueIdentifier>
    </Filter>
  </ItemGroup>
  <ItemGroup>
    <ClCompile Include="main.cpp">
      <Filter>Source Files</Filter>
    </ClCompile>
    <ClCompile Include="Game.hpp">
      <Filter>Source Files</Filter>
    </ClCompile>
    <ClCompile Include="Entity.cpp">
      <Filter>Source Files</Filter>
    </ClCompile>
    <ClCompile Include="Player.cpp">
      <Filter>Source Files</Filter>
    </ClCompile>
    <ClCompile Include="Game.cpp">
      <Filter>Source Files</Filter>
    </ClCompile>
    <ClCompile Include="Enemy.cpp">
      <Filter>Source Files</Filter>
    </ClCompile>
    <ClCompile Include="Effect.cpp">
      <Filter>Source Files</Filter>
    </ClCompile>
  </ItemGroup>
  <ItemGroup>
    <ClInclude Include="Entity.hpp">
      <Filter>Source Files</Filter>
    </ClInclude>
    <ClInclude Include="Player.hpp">
      <Filter>Source Files</Filter>
    </ClInclude>
    <ClInclude Include="common.h">
      <Filter>Source Files</Filter>
    </ClInclude>
    <ClInclude Include="Enemy.hpp">
      <Filter>Source Files</Filter>
    </ClInclude>
    <ClInclude Include="Effect.hpp">
      <Filter>Source Files</Filter>
    </ClInclude>
  </ItemGroup>
  <ItemGroup>
    <Image Include="gfx\alienBullet.png">
      <Filter>Resource Files\gfx</Filter>
    </Image>
    <Image Include="gfx\background.png">
      <Filter>Resource Files\gfx</Filter>
    </Image>
    <Image Include="gfx\enemy.png">
      <Filter>Resource Files\gfx</Filter>
    </Image>
    <Image Include="gfx\enemyR.png">
      <Filter>Resource Files\gfx</Filter>
    </Image>
    <Image Include="gfx\explosion.png">
      <Filter>Resource Files\gfx</Filter>
    </Image>
    <Image Include="gfx\font.png">
      <Filter>Resource Files\gfx</Filter>
    </Image>
    <Image Include="gfx\player.png">
      <Filter>Resource Files\gfx</Filter>
    </Image>
    <Image Include="gfx\playerBullet.png">
      <Filter>Resource Files\gfx</Filter>
    </Image>
    <Image Include="gfx\playerR.png">
      <Filter>Resource Files\gfx</Filter>
    </Image>
    <Image Include="gfx\points.png">
      <Filter>Resource Files\gfx</Filter>
    </Image>
    <Image Include="gfx\sdl2.png">
      <Filter>Resource Files\gfx</Filter>
    </Image>
    <Image Include="gfx\shooter.png">
      <Filter>Resource Files\gfx</Filter>
    </Image>
    <Image Include="gfx\spaceBackgroundR.png">
      <Filter>Resource Files\gfx</Filter>
    </Image>
  </ItemGroup>
  <ItemGroup>
    <None Include="sound\10 Guage Shotgun-SoundBible.com-74120584.ogg">
      <Filter>Resource Files\sound</Filter>
    </None>
    <None Include="sound\bulletSound.ogg">
      <Filter>Resource Files\sound</Filter>
    </None>
    <None Include="sound\earnPowerUp.ogg">
      <Filter>Resource Files\sound</Filter>
    </None>
    <None Include="sound\enemyBulletSound.ogg">
      <Filter>Resource Files\sound</Filter>
    </None>
    <None Include="sound\explosionSound.ogg">
      <Filter>Resource Files\sound</Filter>
    </None>
    <None Include="music\backgroundMusic.ogg">
      <Filter>Resource Files\music</Filter>
    </None>
  </ItemGroup>
  <ItemGroup>
    <Font Include="font\Ghost.ttf">
      <Filter>Resource Files\font</Filter>
    </Font>
  </ItemGroup>
</Project>